{
  "name": "transmission-client",
  "version": "1.0.0",
  "lockfileVersion": 1,
  "requires": true,
  "dependencies": {
    "@types/node": {
      "version": "https://registry.npmjs.org/@types/node/-/node-7.0.4.tgz",
      "integrity": "sha1-mqvBNZed7TgzJXSfUIiUxmKUjIs=",
      "dev": true
    },
    "typescript": {
      "version": "2.4.1",
      "resolved": "https://registry.npmjs.org/typescript/-/typescript-2.4.1.tgz",
      "integrity": "sha1-w8yxbdqgsjFN4DHn5v7onlujRrw=",
      "dev": true
    }
  }
}
